
Microsoft Visual Studio Solution File, Format Version 12.00
# Visual Studio 14
VisualStudioVersion = 14.0.25123.0
MinimumVisualStudioVersion = 10.0.40219.1
Project("{FAE04EC0-301F-11D3-BF4B-00C04F79EFBC}") = "LuceneNetDemo", "LuceneNetDemo\LuceneNetDemo.csproj", "{EC8644F9-D892-4CBF-B3BA-3891468AC8BB}"
EndProject
Global
	GlobalSection(SolutionConfigurationPlatforms) = preSolution
		Debug|Any CPU = Debug|Any CPU
		Release|Any CPU = Release|Any CPU
	EndGlobalSection
	GlobalSection(ProjectConfigurationPlatforms) = postSolution
		{EC8644F9-D892-4CBF-B3BA-3891468AC8BB}.Debug|Any CPU.ActiveCfg = Debug|Any CPU
		{EC8644F9-D892-4CBF-B3BA-3891468AC8BB}.Debug|Any CPU.Build.0 = Debug|Any CPU
		{EC8644F9-D892-4CBF-B3BA-3891468AC8BB}.Release|Any CPU.ActiveCfg = Release|Any CPU
		{EC8644F9-D892-4CBF-B3BA-3891468AC8BB}.Release|Any CPU.Build.0 = Release|Any CPU
	EndGlobalSection
	GlobalSection(SolutionProperties) = preSolution
		HideSolutionNode = FALSE
	EndGlobalSection
EndGlobal
